
Microsoft Visual Studio Solution File, Format Version 12.00
# Visual Studio 15
VisualStudioVersion = 15.0.26124.0
MinimumVisualStudioVersion = 15.0.26124.0
Project("{FAE04EC0-301F-11D3-BF4B-00C04F79EFBC}") = "Domain", "Domain\Domain.csproj", "{C61DA73A-18C3-4462-A9DD-E4FBCBDF1626}"
EndProject
Project("{FAE04EC0-301F-11D3-BF4B-00C04F79EFBC}") = "Application", "Application\Application.csproj", "{1D06743A-1FBF-458A-87D2-9AE4C97E3468}"
EndProject
Project("{FAE04EC0-301F-11D3-BF4B-00C04F79EFBC}") = "Persistence", "Persistence\Persistence.csproj", "{91075EEC-508C-4090-B647-C950AC59A0ED}"
EndProject
Project("{FAE04EC0-301F-11D3-BF4B-00C04F79EFBC}") = "API", "API\API.csproj", "{50183621-3E85-4FEB-9AD4-565A5E33FBE9}"
EndProject
Global
	GlobalSection(SolutionConfigurationPlatforms) = preSolution
		Debug|Any CPU = Debug|Any CPU
		Debug|x64 = Debug|x64
		Debug|x86 = Debug|x86
		Release|Any CPU = Release|Any CPU
		Release|x64 = Release|x64
		Release|x86 = Release|x86
	EndGlobalSection
	GlobalSection(SolutionProperties) = preSolution
		HideSolutionNode = FALSE
	EndGlobalSection
	GlobalSection(ProjectConfigurationPlatforms) = postSolution
		{C61DA73A-18C3-4462-A9DD-E4FBCBDF1626}.Debug|Any CPU.ActiveCfg = Debug|Any CPU
		{C61DA73A-18C3-4462-A9DD-E4FBCBDF1626}.Debug|Any CPU.Build.0 = Debug|Any CPU
		{C61DA73A-18C3-4462-A9DD-E4FBCBDF1626}.Debug|x64.ActiveCfg = Debug|Any CPU
		{C61DA73A-18C3-4462-A9DD-E4FBCBDF1626}.Debug|x64.Build.0 = Debug|Any CPU
		{C61DA73A-18C3-4462-A9DD-E4FBCBDF1626}.Debug|x86.ActiveCfg = Debug|Any CPU
		{C61DA73A-18C3-4462-A9DD-E4FBCBDF1626}.Debug|x86.Build.0 = Debug|Any CPU
		{C61DA73A-18C3-4462-A9DD-E4FBCBDF1626}.Release|Any CPU.ActiveCfg = Release|Any CPU
		{C61DA73A-18C3-4462-A9DD-E4FBCBDF1626}.Release|Any CPU.Build.0 = Release|Any CPU
		{C61DA73A-18C3-4462-A9DD-E4FBCBDF1626}.Release|x64.ActiveCfg = Release|Any CPU
		{C61DA73A-18C3-4462-A9DD-E4FBCBDF1626}.Release|x64.Build.0 = Release|Any CPU
		{C61DA73A-18C3-4462-A9DD-E4FBCBDF1626}.Release|x86.ActiveCfg = Release|Any CPU
		{C61DA73A-18C3-4462-A9DD-E4FBCBDF1626}.Release|x86.Build.0 = Release|Any CPU
		{1D06743A-1FBF-458A-87D2-9AE4C97E3468}.Debug|Any CPU.ActiveCfg = Debug|Any CPU
		{1D06743A-1FBF-458A-87D2-9AE4C97E3468}.Debug|Any CPU.Build.0 = Debug|Any CPU
		{1D06743A-1FBF-458A-87D2-9AE4C97E3468}.Debug|x64.ActiveCfg = Debug|Any CPU
		{1D06743A-1FBF-458A-87D2-9AE4C97E3468}.Debug|x64.Build.0 = Debug|Any CPU
		{1D06743A-1FBF-458A-87D2-9AE4C97E3468}.Debug|x86.ActiveCfg = Debug|Any CPU
		{1D06743A-1FBF-458A-87D2-9AE4C97E3468}.Debug|x86.Build.0 = Debug|Any CPU
		{1D06743A-1FBF-458A-87D2-9AE4C97E3468}.Release|Any CPU.ActiveCfg = Release|Any CPU
		{1D06743A-1FBF-458A-87D2-9AE4C97E3468}.Release|Any CPU.Build.0 = Release|Any CPU
		{1D06743A-1FBF-458A-87D2-9AE4C97E3468}.Release|x64.ActiveCfg = Release|Any CPU
		{1D06743A-1FBF-458A-87D2-9AE4C97E3468}.Release|x64.Build.0 = Release|Any CPU
		{1D06743A-1FBF-458A-87D2-9AE4C97E3468}.Release|x86.ActiveCfg = Release|Any CPU
		{1D06743A-1FBF-458A-87D2-9AE4C97E3468}.Release|x86.Build.0 = Release|Any CPU
		{91075EEC-508C-4090-B647-C950AC59A0ED}.Debug|Any CPU.ActiveCfg = Debug|Any CPU
		{91075EEC-508C-4090-B647-C950AC59A0ED}.Debug|Any CPU.Build.0 = Debug|Any CPU
		{91075EEC-508C-4090-B647-C950AC59A0ED}.Debug|x64.ActiveCfg = Debug|Any CPU
		{91075EEC-508C-4090-B647-C950AC59A0ED}.Debug|x64.Build.0 = Debug|Any CPU
		{91075EEC-508C-4090-B647-C950AC59A0ED}.Debug|x86.ActiveCfg = Debug|Any CPU
		{91075EEC-508C-4090-B647-C950AC59A0ED}.Debug|x86.Build.0 = Debug|Any CPU
		{91075EEC-508C-4090-B647-C950AC59A0ED}.Release|Any CPU.ActiveCfg = Release|Any CPU
		{91075EEC-508C-4090-B647-C950AC59A0ED}.Release|Any CPU.Build.0 = Release|Any CPU
		{91075EEC-508C-4090-B647-C950AC59A0ED}.Release|x64.ActiveCfg = Release|Any CPU
		{91075EEC-508C-4090-B647-C950AC59A0ED}.Release|x64.Build.0 = Release|Any CPU
		{91075EEC-508C-4090-B647-C950AC59A0ED}.Release|x86.ActiveCfg = Release|Any CPU
		{91075EEC-508C-4090-B647-C950AC59A0ED}.Release|x86.Build.0 = Release|Any CPU
		{50183621-3E85-4FEB-9AD4-565A5E33FBE9}.Debug|Any CPU.ActiveCfg = Debug|Any CPU
		{50183621-3E85-4FEB-9AD4-565A5E33FBE9}.Debug|Any CPU.Build.0 = Debug|Any CPU
		{50183621-3E85-4FEB-9AD4-565A5E33FBE9}.Debug|x64.ActiveCfg = Debug|Any CPU
		{50183621-3E85-4FEB-9AD4-565A5E33FBE9}.Debug|x64.Build.0 = Debug|Any CPU
		{50183621-3E85-4FEB-9AD4-565A5E33FBE9}.Debug|x86.ActiveCfg = Debug|Any CPU
		{50183621-3E85-4FEB-9AD4-565A5E33FBE9}.Debug|x86.Build.0 = Debug|Any CPU
		{50183621-3E85-4FEB-9AD4-565A5E33FBE9}.Release|Any CPU.ActiveCfg = Release|Any CPU
		{50183621-3E85-4FEB-9AD4-565A5E33FBE9}.Release|Any CPU.Build.0 = Release|Any CPU
		{50183621-3E85-4FEB-9AD4-565A5E33FBE9}.Release|x64.ActiveCfg = Release|Any CPU
		{50183621-3E85-4FEB-9AD4-565A5E33FBE9}.Release|x64.Build.0 = Release|Any CPU
		{50183621-3E85-4FEB-9AD4-565A5E33FBE9}.Release|x86.ActiveCfg = Release|Any CPU
		{50183621-3E85-4FEB-9AD4-565A5E33FBE9}.Release|x86.Build.0 = Release|Any CPU
	EndGlobalSection
EndGlobal
